
Microsoft Visual Studio Solution File, Format Version 12.00
# Visual Studio Version 16
VisualStudioVersion = 16.0.31321.278
MinimumVisualStudioVersion = 10.0.40219.1
Project("{9A19103F-16F7-4668-BE54-9A1E7A4F7556}") = "Common", "Common\Common.csproj", "{08BCBE50-95FD-4A2B-83EE-42B49EBE3110}"
EndProject
Project("{9A19103F-16F7-4668-BE54-9A1E7A4F7556}") = "PhraseGenerator", "PhraseGenerator\PhraseGenerator.csproj", "{CD65EB4A-ABF0-48EE-B0FE-B58E723658BA}"
EndProject
Global
	GlobalSection(SolutionConfigurationPlatforms) = preSolution
		Debug|Any CPU = Debug|Any CPU
		Release|Any CPU = Release|Any CPU
	EndGlobalSection
	GlobalSection(ProjectConfigurationPlatforms) = postSolution
		{08BCBE50-95FD-4A2B-83EE-42B49EBE3110}.Debug|Any CPU.ActiveCfg = Debug|Any CPU
		{08BCBE50-95FD-4A2B-83EE-42B49EBE3110}.Debug|Any CPU.Build.0 = Debug|Any CPU
		{08BCBE50-95FD-4A2B-83EE-42B49EBE3110}.Release|Any CPU.ActiveCfg = Release|Any CPU
		{08BCBE50-95FD-4A2B-83EE-42B49EBE3110}.Release|Any CPU.Build.0 = Release|Any CPU
		{CD65EB4A-ABF0-48EE-B0FE-B58E723658BA}.Debug|Any CPU.ActiveCfg = Debug|Any CPU
		{CD65EB4A-ABF0-48EE-B0FE-B58E723658BA}.Debug|Any CPU.Build.0 = Debug|Any CPU
		{CD65EB4A-ABF0-48EE-B0FE-B58E723658BA}.Release|Any CPU.ActiveCfg = Release|Any CPU
		{CD65EB4A-ABF0-48EE-B0FE-B58E723658BA}.Release|Any CPU.Build.0 = Release|Any CPU
	EndGlobalSection
	GlobalSection(SolutionProperties) = preSolution
		HideSolutionNode = FALSE
	EndGlobalSection
	GlobalSection(ExtensibilityGlobals) = postSolution
		SolutionGuid = {75405145-7F4B-4CF7-A4F5-F63A64C20F1D}
	EndGlobalSection
EndGlobal
